// !$*UTF8*$!
{
	archiveVersion = 1;
	classes = {
	};
	objectVersion = 50;
	objects = {

/* Begin PBXBuildFile section */
		A20F1D102284A44F008DD543 /* Box.sketch in Resources */ = {isa = PBXBuildFile; fileRef = A20F1D0E2284A44F008DD543 /* Box.sketch */; };
		A20F1D112284A44F008DD543 /* box-monochrome.png in Resources */ = {isa = PBXBuildFile; fileRef = A20F1D0F2284A44F008DD543 /* box-monochrome.png */; };
		A291C2DF2284A3BA001962CB /* Assets.xcassets in Resources */ = {isa = PBXBuildFile; fileRef = A291C2DE2284A3BA001962CB /* Assets.xcassets */; };
		A291C2E22284A3BA001962CB /* Main.storyboard in Resources */ = {isa = PBXBuildFile; fileRef = A291C2E02284A3BA001962CB /* Main.storyboard */; };
		A291C2F02284A3FD001962CB /* ViewController.swift in Sources */ = {isa = PBXBuildFile; fileRef = A291C2EC2284A3FD001962CB /* ViewController.swift */; };
		A291C2F12284A3FD001962CB /* AppDelegate.swift in Sources */ = {isa = PBXBuildFile; fileRef = A291C2ED2284A3FD001962CB /* AppDelegate.swift */; };
		A291C2F22284A3FD001962CB /* QXButton.swift in Sources */ = {isa = PBXBuildFile; fileRef = A291C2EF2284A3FD001962CB /* QXButton.swift */; };
		A2D4541D274579660021F9AB /* box-black.png in Resources */ = {isa = PBXBuildFile; fileRef = A2D4541B274579650021F9AB /* box-black.png */; };
		A2D4541E274579660021F9AB /* box-gray.png in Resources */ = {isa = PBXBuildFile; fileRef = A2D4541C274579650021F9AB /* box-gray.png */; };
/* End PBXBuildFile section */

/* Begin PBXFileReference section */
		A20F1D0E2284A44F008DD543 /* Box.sketch */ = {isa = PBXFileReference; lastKnownFileType = file; path = Box.sketch; sourceTree = "<group>"; };
		A20F1D0F2284A44F008DD543 /* box-monochrome.png */ = {isa = PBXFileReference; lastKnownFileType = image.png; path = "box-monochrome.png"; sourceTree = "<group>"; };
		A291C2D72284A3BA001962CB /* Customizable-Button-Demo.app */ = {isa = PBXFileReference; explicitFileType = wrapper.application; includeInIndex = 0; path = "Customizable-Button-Demo.app"; sourceTree = BUILT_PRODUCTS_DIR; };
		A291C2DE2284A3BA001962CB /* Assets.xcassets */ = {isa = PBXFileReference; lastKnownFileType = folder.assetcatalog; path = Assets.xcassets; sourceTree = "<group>"; };
		A291C2E12284A3BA001962CB /* Base */ = {isa = PBXFileReference; lastKnownFileType = file.storyboard; name = Base; path = Base.lproj/Main.storyboard; sourceTree = "<group>"; };
		A291C2E32284A3BA001962CB /* Info.plist */ = {isa = PBXFileReference; lastKnownFileType = text.plist.xml; path = Info.plist; sourceTree = "<group>"; };
		A291C2E42284A3BA001962CB /* Customizable_Button_Demo.entitlements */ = {isa = PBXFileReference; lastKnownFileType = text.plist.entitlements; path = Customizable_Button_Demo.entitlements; sourceTree = "<group>"; };
		A291C2EC2284A3FD001962CB /* ViewController.swift */ = {isa = PBXFileReference; fileEncoding = 4; lastKnownFileType = sourcecode.swift; path = ViewController.swift; sourceTree = "<group>"; };
		A291C2ED2284A3FD001962CB /* AppDelegate.swift */ = {isa = PBXFileReference; fileEncoding = 4; lastKnownFileType = sourcecode.swift; path = AppDelegate.swift; sourceTree = "<group>"; };
		A291C2EF2284A3FD001962CB /* QXButton.swift */ = {isa = PBXFileReference; fileEncoding = 4; lastKnownFileType = sourcecode.swift; path = QXButton.swift; sourceTree = "<group>"; };
		A2D4541B274579650021F9AB /* box-black.png */ = {isa = PBXFileReference; lastKnownFileType = image.png; path = "box-black.png"; sourceTree = "<group>"; };
		A2D4541C274579650021F9AB /* box-gray.png */ = {isa = PBXFileReference; lastKnownFileType = image.png; path = "box-gray.png"; sourceTree = "<group>"; };
/* End PBXFileReference section */

/* Begin PBXFrameworksBuildPhase section */
		A291C2D42284A3BA001962CB /* Frameworks */ = {
			isa = PBXFrameworksBuildPhase;
			buildActionMask = 2147483647;
			files = (
			);
			runOnlyForDeploymentPostprocessing = 0;
		};
/* End PBXFrameworksBuildPhase section */

/* Begin PBXGroup section */
		A20F1D0D2284A44F008DD543 /* Images */ = {
			isa = PBXGroup;
			children = (
				A20F1D0E2284A44F008DD543 /* Box.sketch */,
				A2D4541B274579650021F9AB /* box-black.png */,
				A2D4541C274579650021F9AB /* box-gray.png */,
				A20F1D0F2284A44F008DD543 /* box-monochrome.png */,
			);
			path = Images;
			sourceTree = "<group>";
		};
		A291C2CE2284A3BA001962CB = {
			isa = PBXGroup;
			children = (
				A291C2D92284A3BA001962CB /* Customizable-Button-Demo */,
				A291C2D82284A3BA001962CB /* Products */,
			);
			sourceTree = "<group>";
		};
		A291C2D82284A3BA001962CB /* Products */ = {
			isa = PBXGroup;
			children = (
				A291C2D72284A3BA001962CB /* Customizable-Button-Demo.app */,
			);
			name = Products;
			sourceTree = "<group>";
		};
		A291C2D92284A3BA001962CB /* Customizable-Button-Demo */ = {
			isa = PBXGroup;
			children = (
				A291C2EA2284A3FD001962CB /* Source */,
				A20F1D0D2284A44F008DD543 /* Images */,
				A291C2DE2284A3BA001962CB /* Assets.xcassets */,
				A291C2E02284A3BA001962CB /* Main.storyboard */,
				A291C2E32284A3BA001962CB /* Info.plist */,
				A291C2E42284A3BA001962CB /* Customizable_Button_Demo.entitlements */,
			);
			path = "Customizable-Button-Demo";
			sourceTree = "<group>";
		};
		A291C2EA2284A3FD001962CB /* Source */ = {
			isa = PBXGroup;
			children = (
				A291C2EB2284A3FD001962CB /* Demo */,
				A291C2EE2284A3FD001962CB /* QXButton */,
			);
			path = Source;
			sourceTree = "<group>";
		};
		A291C2EB2284A3FD001962CB /* Demo */ = {
			isa = PBXGroup;
			children = (
				A291C2EC2284A3FD001962CB /* ViewController.swift */,
				A291C2ED2284A3FD001962CB /* AppDelegate.swift */,
			);
			path = Demo;
			sourceTree = "<group>";
		};
		A291C2EE2284A3FD001962CB /* QXButton */ = {
			isa = PBXGroup;
			children = (
				A291C2EF2284A3FD001962CB /* QXButton.swift */,
			);
			path = QXButton;
			sourceTree = "<group>";
		};
/* End PBXGroup section */

/* Begin PBXNativeTarget section */
		A291C2D62284A3BA001962CB /* Customizable-Button-Demo */ = {
			isa = PBXNativeTarget;
			buildConfigurationList = A291C2E72284A3BA001962CB /* Build configuration list for PBXNativeTarget "Customizable-Button-Demo" */;
			buildPhases = (
				A291C2D32284A3BA001962CB /* Sources */,
				A291C2D42284A3BA001962CB /* Frameworks */,
				A291C2D52284A3BA001962CB /* Resources */,
			);
			buildRules = (
			);
			dependencies = (
			);
			name = "Customizable-Button-Demo";
			productName = "Customizable-Button-Demo";
			productReference = A291C2D72284A3BA001962CB /* Customizable-Button-Demo.app */;
			productType = "com.apple.product-type.application";
		};
/* End PBXNativeTarget section */

/* Begin PBXProject section */
		A291C2CF2284A3BA001962CB /* Project object */ = {
			isa = PBXProject;
			attributes = {
				LastSwiftUpdateCheck = 1020;
				LastUpgradeCheck = 1020;
				ORGANIZATIONNAME = "Krispin Leydon";
				TargetAttributes = {
					A291C2D62284A3BA001962CB = {
						CreatedOnToolsVersion = 10.2.1;
					};
				};
			};
			buildConfigurationList = A291C2D22284A3BA001962CB /* Build configuration list for PBXProject "Customizable-Button-Demo" */;
			compatibilityVersion = "Xcode 9.3";
			developmentRegion = en;
			hasScannedForEncodings = 0;
			knownRegions = (
				en,
				Base,
			);
			mainGroup = A291C2CE2284A3BA001962CB;
			productRefGroup = A291C2D82284A3BA001962CB /* Products */;
			projectDirPath = "";
			projectRoot = "";
			targets = (
				A291C2D62284A3BA001962CB /* Customizable-Button-Demo */,
			);
		};
/* End PBXProject section */

/* Begin PBXResourcesBuildPhase section */
		A291C2D52284A3BA001962CB /* Resources */ = {
			isa = PBXResourcesBuildPhase;
			buildActionMask = 2147483647;
			files = (
				A2D4541E274579660021F9AB /* box-gray.png in Resources */,
				A291C2DF2284A3BA001962CB /* Assets.xcassets in Resources */,
				A291C2E22284A3BA001962CB /* Main.storyboard in Resources */,
				A20F1D112284A44F008DD543 /* box-monochrome.png in Resources */,
				A2D4541D274579660021F9AB /* box-black.png in Resources */,
				A20F1D102284A44F008DD543 /* Box.sketch in Resources */,
			);
			runOnlyForDeploymentPostprocessing = 0;
		};
/* End PBXResourcesBuildPhase section */

/* Begin PBXSourcesBuildPhase section */
		A291C2D32284A3BA001962CB /* Sources */ = {
			isa = PBXSourcesBuildPhase;
			buildActionMask = 2147483647;
			files = (
				A291C2F22284A3FD001962CB /* QXButton.swift in Sources */,
				A291C2F12284A3FD001962CB /* AppDelegate.swift in Sources */,
				A291C2F02284A3FD001962CB /* ViewController.swift in Sources */,
			);
			runOnlyForDeploymentPostprocessing = 0;
		};
/* End PBXSourcesBuildPhase section */

/* Begin PBXVariantGroup section */
		A291C2E02284A3BA001962CB /* Main.storyboard */ = {
			isa = PBXVariantGroup;
			children = (
				A291C2E12284A3BA001962CB /* Base */,
			);
			name = Main.storyboard;
			sourceTree = "<group>";
		};
/* End PBXVariantGroup section */

/* Begin XCBuildConfiguration section */
		A291C2E52284A3BA001962CB /* Debug */ = {
			isa = XCBuildConfiguration;
			buildSettings = {
				ALWAYS_SEARCH_USER_PATHS = NO;
				CLANG_ANALYZER_NONNULL = YES;
				CLANG_ANALYZER_NUMBER_OBJECT_CONVERSION = YES_AGGRESSIVE;
				CLANG_CXX_LANGUAGE_STANDARD = "gnu++14";
				CLANG_CXX_LIBRARY = "libc++";
				CLANG_ENABLE_MODULES = YES;
				CLANG_ENABLE_OBJC_ARC = YES;
				CLANG_ENABLE_OBJC_WEAK = YES;
				CLANG_WARN_BLOCK_CAPTURE_AUTORELEASING = YES;
				CLANG_WARN_BOOL_CONVERSION = YES;
				CLANG_WARN_COMMA = YES;
				CLANG_WARN_CONSTANT_CONVERSION = YES;
				CLANG_WARN_DEPRECATED_OBJC_IMPLEMENTATIONS = YES;
				CLANG_WARN_DIRECT_OBJC_ISA_USAGE = YES_ERROR;
				CLANG_WARN_DOCUMENTATION_COMMENTS = YES;
				CLANG_WARN_EMPTY_BODY = YES;
				CLANG_WARN_ENUM_CONVERSION = YES;
				CLANG_WARN_INFINITE_RECURSION = YES;
				CLANG_WARN_INT_CONVERSION = YES;
				CLANG_WARN_NON_LITERAL_NULL_CONVERSION = YES;
				CLANG_WARN_OBJC_IMPLICIT_RETAIN_SELF = YES;
				CLANG_WARN_OBJC_LITERAL_CONVERSION = YES;
				CLANG_WARN_OBJC_ROOT_CLASS = YES_ERROR;
				CLANG_WARN_RANGE_LOOP_ANALYSIS = YES;
				CLANG_WARN_STRICT_PROTOTYPES = YES;
				CLANG_WARN_SUSPICIOUS_MOVE = YES;
				CLANG_WARN_UNGUARDED_AVAILABILITY = YES_AGGRESSIVE;
				CLANG_WARN_UNREACHABLE_CODE = YES;
				CLANG_WARN__DUPLICATE_METHOD_MATCH = YES;
				CODE_SIGN_IDENTITY = "Mac Developer";
				COPY_PHASE_STRIP = NO;
				DEBUG_INFORMATION_FORMAT = dwarf;
				ENABLE_STRICT_OBJC_MSGSEND = YES;
				ENABLE_TESTABILITY = YES;
				GCC_C_LANGUAGE_STANDARD = gnu11;
				GCC_DYNAMIC_NO_PIC = NO;
				GCC_NO_COMMON_BLOCKS = YES;
				GCC_OPTIMIZATION_LEVEL = 0;
				GCC_PREPROCESSOR_DEFINITIONS = (
					"DEBUG=1",
					"$(inherited)",
				);
				GCC_WARN_64_TO_32_BIT_CONVERSION = YES;
				GCC_WARN_ABOUT_RETURN_TYPE = YES_ERROR;
				GCC_WARN_UNDECLARED_SELECTOR = YES;
				GCC_WARN_UNINITIALIZED_AUTOS = YES_AGGRESSIVE;
				GCC_WARN_UNUSED_FUNCTION = YES;
				GCC_WARN_UNUSED_VARIABLE = YES;
				MACOSX_DEPLOYMENT_TARGET = 10.14;
				MTL_ENABLE_DEBUG_INFO = INCLUDE_SOURCE;
				MTL_FAST_MATH = YES;
				ONLY_ACTIVE_ARCH = YES;
				SDKROOT = macosx;
				SWIFT_ACTIVE_COMPILATION_CONDITIONS = DEBUG;
				SWIFT_OPTIMIZATION_LEVEL = "-Onone";
			};
			name = Debug;
		};
		A291C2E62284A3BA001962CB /* Release */ = {
			isa = XCBuildConfiguration;
			buildSettings = {
				ALWAYS_SEARCH_USER_PATHS = NO;
				CLANG_ANALYZER_NONNULL = YES;
				CLANG_ANALYZER_NUMBER_OBJECT_CONVERSION = YES_AGGRESSIVE;
				CLANG_CXX_LANGUAGE_STANDARD = "gnu++14";
				CLANG_CXX_LIBRARY = "libc++";
				CLANG_ENABLE_MODULES = YES;
				CLANG_ENABLE_OBJC_ARC = YES;
				CLANG_ENABLE_OBJC_WEAK = YES;
				CLANG_WARN_BLOCK_CAPTURE_AUTORELEASING = YES;
				CLANG_WARN_BOOL_CONVERSION = YES;
				CLANG_WARN_COMMA = YES;
				CLANG_WARN_CONSTANT_CONVERSION = YES;
				CLANG_WARN_DEPRECATED_OBJC_IMPLEMENTATIONS = YES;
				CLANG_WARN_DIRECT_OBJC_ISA_USAGE = YES_ERROR;
				CLANG_WARN_DOCUMENTATION_COMMENTS = YES;
				CLANG_WARN_EMPTY_BODY = YES;
				CLANG_WARN_ENUM_CONVERSION = YES;
				CLANG_WARN_INFINITE_RECURSION = YES;
				CLANG_WARN_INT_CONVERSION = YES;
				CLANG_WARN_NON_LITERAL_NULL_CONVERSION = YES;
				CLANG_WARN_OBJC_IMPLICIT_RETAIN_SELF = YES;
				CLANG_WARN_OBJC_LITERAL_CONVERSION = YES;
				CLANG_WARN_OBJC_ROOT_CLASS = YES_ERROR;
				CLANG_WARN_RANGE_LOOP_ANALYSIS = YES;
				CLANG_WARN_STRICT_PROTOTYPES = YES;
				CLANG_WARN_SUSPICIOUS_MOVE = YES;
				CLANG_WARN_UNGUARDED_AVAILABILITY = YES_AGGRESSIVE;
				CLANG_WARN_UNREACHABLE_CODE = YES;
				CLANG_WARN__DUPLICATE_METHOD_MATCH = YES;
				CODE_SIGN_IDENTITY = "Mac Developer";
				COPY_PHASE_STRIP = NO;
				DEBUG_INFORMATION_FORMAT = "dwarf-with-dsym";
				ENABLE_NS_ASSERTIONS = NO;
				ENABLE_STRICT_OBJC_MSGSEND = YES;
				GCC_C_LANGUAGE_STANDARD = gnu11;
				GCC_NO_COMMON_BLOCKS = YES;
				GCC_WARN_64_TO_32_BIT_CONVERSION = YES;
				GCC_WARN_ABOUT_RETURN_TYPE = YES_ERROR;
				GCC_WARN_UNDECLARED_SELECTOR = YES;
				GCC_WARN_UNINITIALIZED_AUTOS = YES_AGGRESSIVE;
				GCC_WARN_UNUSED_FUNCTION = YES;
				GCC_WARN_UNUSED_VARIABLE = YES;
				MACOSX_DEPLOYMENT_TARGET = 10.14;
				MTL_ENABLE_DEBUG_INFO = NO;
				MTL_FAST_MATH = YES;
				SDKROOT = macosx;
				SWIFT_COMPILATION_MODE = wholemodule;
				SWIFT_OPTIMIZATION_LEVEL = "-O";
			};
			name = Release;
		};
		A291C2E82284A3BA001962CB /* Debug */ = {
			isa = XCBuildConfiguration;
			buildSettings = {
				ASSETCATALOG_COMPILER_APPICON_NAME = AppIcon;
				CODE_SIGN_ENTITLEMENTS = "Customizable-Button-Demo/Customizable_Button_Demo.entitlements";
				CODE_SIGN_IDENTITY = "Apple Development";
				CODE_SIGN_STYLE = Automatic;
				COMBINE_HIDPI_IMAGES = YES;
				DEVELOPMENT_TEAM = QD6TTVM77K;
				INFOPLIST_FILE = "Customizable-Button-Demo/Info.plist";
				LD_RUNPATH_SEARCH_PATHS = (
					"$(inherited)",
					"@executable_path/../Frameworks",
				);
				PRODUCT_BUNDLE_IDENTIFIER = "com.quixotry.Customizable-Button-Demo";
				PRODUCT_NAME = "$(TARGET_NAME)";
				SWIFT_VERSION = 5.0;
			};
			name = Debug;
		};
		A291C2E92284A3BA001962CB /* Release */ = {
			isa = XCBuildConfiguration;
			buildSettings = {
				ASSETCATALOG_COMPILER_APPICON_NAME = AppIcon;
				CODE_SIGN_ENTITLEMENTS = "Customizable-Button-Demo/Customizable_Button_Demo.entitlements";
				CODE_SIGN_IDENTITY = "Apple Development";
				CODE_SIGN_STYLE = Automatic;
				COMBINE_HIDPI_IMAGES = YES;
				DEVELOPMENT_TEAM = QD6TTVM77K;
				INFOPLIST_FILE = "Customizable-Button-Demo/Info.plist";
				LD_RUNPATH_SEARCH_PATHS = (
					"$(inherited)",
					"@executable_path/../Frameworks",
				);
				PRODUCT_BUNDLE_IDENTIFIER = "com.quixotry.Customizable-Button-Demo";
				PRODUCT_NAME = "$(TARGET_NAME)";
				SWIFT_VERSION = 5.0;
			};
			name = Release;
		};
/* End XCBuildConfiguration section */

/* Begin XCConfigurationList section */
		A291C2D22284A3BA001962CB /* Build configuration list for PBXProject "Customizable-Button-Demo" */ = {
			isa = XCConfigurationList;
			buildConfigurations = (
				A291C2E52284A3BA001962CB /* Debug */,
				A291C2E62284A3BA001962CB /* Release */,
			);
			defaultConfigurationIsVisible = 0;
			defaultConfigurationName = Release;
		};
		A291C2E72284A3BA001962CB /* Build configuration list for PBXNativeTarget "Customizable-Button-Demo" */ = {
			isa = XCConfigurationList;
			buildConfigurations = (
				A291C2E82284A3BA001962CB /* Debug */,
				A291C2E92284A3BA001962CB /* Release */,
			);
			defaultConfigurationIsVisible = 0;
			defaultConfigurationName = Release;
		};
/* End XCConfigurationList section */
	};
	rootObject = A291C2CF2284A3BA001962CB /* Project object */;
}
