// !$*UTF8*$!
{
	archiveVersion = 1;
	classes = {
	};
	objectVersion = 50;
	objects = {

/* Begin PBXBuildFile section */
		A20975C02283881F00DC6DE1 /* Assets.xcassets in Resources */ = {isa = PBXBuildFile; fileRef = A20975BF2283881F00DC6DE1 /* Assets.xcassets */; };
		A20975C32283881F00DC6DE1 /* Main.storyboard in Resources */ = {isa = PBXBuildFile; fileRef = A20975C12283881F00DC6DE1 /* Main.storyboard */; };
		A20975D1228388BC00DC6DE1 /* ViewController.swift in Sources */ = {isa = PBXBuildFile; fileRef = A20975CD228388BC00DC6DE1 /* ViewController.swift */; };
		A20975D2228388BC00DC6DE1 /* AppDelegate.swift in Sources */ = {isa = PBXBuildFile; fileRef = A20975CE228388BC00DC6DE1 /* AppDelegate.swift */; };
		A20975D3228388BC00DC6DE1 /* QXButton.swift in Sources */ = {isa = PBXBuildFile; fileRef = A20975D0228388BC00DC6DE1 /* QXButton.swift */; };
		A20975E62283926E00DC6DE1 /* box-monochrome.png in Resources */ = {isa = PBXBuildFile; fileRef = A20975E52283926D00DC6DE1 /* box-monochrome.png */; };
/* End PBXBuildFile section */

/* Begin PBXFileReference section */
		A20975B82283881E00DC6DE1 /* Customizeable-Swift-OSX-Button-Demo.app */ = {isa = PBXFileReference; explicitFileType = wrapper.application; includeInIndex = 0; path = "Customizeable-Swift-OSX-Button-Demo.app"; sourceTree = BUILT_PRODUCTS_DIR; };
		A20975BF2283881F00DC6DE1 /* Assets.xcassets */ = {isa = PBXFileReference; lastKnownFileType = folder.assetcatalog; path = Assets.xcassets; sourceTree = "<group>"; };
		A20975C22283881F00DC6DE1 /* Base */ = {isa = PBXFileReference; lastKnownFileType = file.storyboard; name = Base; path = Base.lproj/Main.storyboard; sourceTree = "<group>"; };
		A20975C42283881F00DC6DE1 /* Info.plist */ = {isa = PBXFileReference; lastKnownFileType = text.plist.xml; path = Info.plist; sourceTree = "<group>"; };
		A20975C52283881F00DC6DE1 /* Customizeable_Swift_OSX_Button_Demo.entitlements */ = {isa = PBXFileReference; lastKnownFileType = text.plist.entitlements; path = Customizeable_Swift_OSX_Button_Demo.entitlements; sourceTree = "<group>"; };
		A20975CD228388BC00DC6DE1 /* ViewController.swift */ = {isa = PBXFileReference; fileEncoding = 4; lastKnownFileType = sourcecode.swift; path = ViewController.swift; sourceTree = "<group>"; };
		A20975CE228388BC00DC6DE1 /* AppDelegate.swift */ = {isa = PBXFileReference; fileEncoding = 4; lastKnownFileType = sourcecode.swift; path = AppDelegate.swift; sourceTree = "<group>"; };
		A20975D0228388BC00DC6DE1 /* QXButton.swift */ = {isa = PBXFileReference; fileEncoding = 4; lastKnownFileType = sourcecode.swift; path = QXButton.swift; sourceTree = "<group>"; };
		A20975E52283926D00DC6DE1 /* box-monochrome.png */ = {isa = PBXFileReference; lastKnownFileType = image.png; path = "box-monochrome.png"; sourceTree = "<group>"; };
/* End PBXFileReference section */

/* Begin PBXFrameworksBuildPhase section */
		A20975B52283881E00DC6DE1 /* Frameworks */ = {
			isa = PBXFrameworksBuildPhase;
			buildActionMask = 2147483647;
			files = (
			);
			runOnlyForDeploymentPostprocessing = 0;
		};
/* End PBXFrameworksBuildPhase section */

/* Begin PBXGroup section */
		A20975AF2283881E00DC6DE1 = {
			isa = PBXGroup;
			children = (
				A20975BA2283881E00DC6DE1 /* Customizeable-Swift-OSX-Button-Demo */,
				A20975B92283881E00DC6DE1 /* Products */,
			);
			sourceTree = "<group>";
		};
		A20975B92283881E00DC6DE1 /* Products */ = {
			isa = PBXGroup;
			children = (
				A20975B82283881E00DC6DE1 /* Customizeable-Swift-OSX-Button-Demo.app */,
			);
			name = Products;
			sourceTree = "<group>";
		};
		A20975BA2283881E00DC6DE1 /* Customizeable-Swift-OSX-Button-Demo */ = {
			isa = PBXGroup;
			children = (
				A20975CB228388BC00DC6DE1 /* Source */,
				A20975D6228389A100DC6DE1 /* Images */,
				A20975BF2283881F00DC6DE1 /* Assets.xcassets */,
				A20975C12283881F00DC6DE1 /* Main.storyboard */,
				A20975C42283881F00DC6DE1 /* Info.plist */,
				A20975C52283881F00DC6DE1 /* Customizeable_Swift_OSX_Button_Demo.entitlements */,
			);
			path = "Customizeable-Swift-OSX-Button-Demo";
			sourceTree = "<group>";
		};
		A20975CB228388BC00DC6DE1 /* Source */ = {
			isa = PBXGroup;
			children = (
				A20975CC228388BC00DC6DE1 /* Demo */,
				A20975CF228388BC00DC6DE1 /* QXButton */,
			);
			path = Source;
			sourceTree = "<group>";
		};
		A20975CC228388BC00DC6DE1 /* Demo */ = {
			isa = PBXGroup;
			children = (
				A20975CD228388BC00DC6DE1 /* ViewController.swift */,
				A20975CE228388BC00DC6DE1 /* AppDelegate.swift */,
			);
			path = Demo;
			sourceTree = "<group>";
		};
		A20975CF228388BC00DC6DE1 /* QXButton */ = {
			isa = PBXGroup;
			children = (
				A20975D0228388BC00DC6DE1 /* QXButton.swift */,
			);
			path = QXButton;
			sourceTree = "<group>";
		};
		A20975D6228389A100DC6DE1 /* Images */ = {
			isa = PBXGroup;
			children = (
				A20975E52283926D00DC6DE1 /* box-monochrome.png */,
			);
			path = Images;
			sourceTree = "<group>";
		};
/* End PBXGroup section */

/* Begin PBXNativeTarget section */
		A20975B72283881E00DC6DE1 /* Customizeable-Swift-OSX-Button-Demo */ = {
			isa = PBXNativeTarget;
			buildConfigurationList = A20975C82283881F00DC6DE1 /* Build configuration list for PBXNativeTarget "Customizeable-Swift-OSX-Button-Demo" */;
			buildPhases = (
				A20975B42283881E00DC6DE1 /* Sources */,
				A20975B52283881E00DC6DE1 /* Frameworks */,
				A20975B62283881E00DC6DE1 /* Resources */,
			);
			buildRules = (
			);
			dependencies = (
			);
			name = "Customizeable-Swift-OSX-Button-Demo";
			productName = "Customizeable-Swift-OSX-Button-Demo";
			productReference = A20975B82283881E00DC6DE1 /* Customizeable-Swift-OSX-Button-Demo.app */;
			productType = "com.apple.product-type.application";
		};
/* End PBXNativeTarget section */

/* Begin PBXProject section */
		A20975B02283881E00DC6DE1 /* Project object */ = {
			isa = PBXProject;
			attributes = {
				LastSwiftUpdateCheck = 1020;
				LastUpgradeCheck = 1020;
				ORGANIZATIONNAME = "Krispin Leydon";
				TargetAttributes = {
					A20975B72283881E00DC6DE1 = {
						CreatedOnToolsVersion = 10.2.1;
					};
				};
			};
			buildConfigurationList = A20975B32283881E00DC6DE1 /* Build configuration list for PBXProject "Customizeable-Swift-OSX-Button-Demo" */;
			compatibilityVersion = "Xcode 9.3";
			developmentRegion = en;
			hasScannedForEncodings = 0;
			knownRegions = (
				en,
				Base,
			);
			mainGroup = A20975AF2283881E00DC6DE1;
			productRefGroup = A20975B92283881E00DC6DE1 /* Products */;
			projectDirPath = "";
			projectRoot = "";
			targets = (
				A20975B72283881E00DC6DE1 /* Customizeable-Swift-OSX-Button-Demo */,
			);
		};
/* End PBXProject section */

/* Begin PBXResourcesBuildPhase section */
		A20975B62283881E00DC6DE1 /* Resources */ = {
			isa = PBXResourcesBuildPhase;
			buildActionMask = 2147483647;
			files = (
				A20975C02283881F00DC6DE1 /* Assets.xcassets in Resources */,
				A20975E62283926E00DC6DE1 /* box-monochrome.png in Resources */,
				A20975C32283881F00DC6DE1 /* Main.storyboard in Resources */,
			);
			runOnlyForDeploymentPostprocessing = 0;
		};
/* End PBXResourcesBuildPhase section */

/* Begin PBXSourcesBuildPhase section */
		A20975B42283881E00DC6DE1 /* Sources */ = {
			isa = PBXSourcesBuildPhase;
			buildActionMask = 2147483647;
			files = (
				A20975D3228388BC00DC6DE1 /* QXButton.swift in Sources */,
				A20975D2228388BC00DC6DE1 /* AppDelegate.swift in Sources */,
				A20975D1228388BC00DC6DE1 /* ViewController.swift in Sources */,
			);
			runOnlyForDeploymentPostprocessing = 0;
		};
/* End PBXSourcesBuildPhase section */

/* Begin PBXVariantGroup section */
		A20975C12283881F00DC6DE1 /* Main.storyboard */ = {
			isa = PBXVariantGroup;
			children = (
				A20975C22283881F00DC6DE1 /* Base */,
			);
			name = Main.storyboard;
			sourceTree = "<group>";
		};
/* End PBXVariantGroup section */

/* Begin XCBuildConfiguration section */
		A20975C62283881F00DC6DE1 /* Debug */ = {
			isa = XCBuildConfiguration;
			buildSettings = {
				ALWAYS_SEARCH_USER_PATHS = NO;
				CLANG_ANALYZER_NONNULL = YES;
				CLANG_ANALYZER_NUMBER_OBJECT_CONVERSION = YES_AGGRESSIVE;
				CLANG_CXX_LANGUAGE_STANDARD = "gnu++14";
				CLANG_CXX_LIBRARY = "libc++";
				CLANG_ENABLE_MODULES = YES;
				CLANG_ENABLE_OBJC_ARC = YES;
				CLANG_ENABLE_OBJC_WEAK = YES;
				CLANG_WARN_BLOCK_CAPTURE_AUTORELEASING = YES;
				CLANG_WARN_BOOL_CONVERSION = YES;
				CLANG_WARN_COMMA = YES;
				CLANG_WARN_CONSTANT_CONVERSION = YES;
				CLANG_WARN_DEPRECATED_OBJC_IMPLEMENTATIONS = YES;
				CLANG_WARN_DIRECT_OBJC_ISA_USAGE = YES_ERROR;
				CLANG_WARN_DOCUMENTATION_COMMENTS = YES;
				CLANG_WARN_EMPTY_BODY = YES;
				CLANG_WARN_ENUM_CONVERSION = YES;
				CLANG_WARN_INFINITE_RECURSION = YES;
				CLANG_WARN_INT_CONVERSION = YES;
				CLANG_WARN_NON_LITERAL_NULL_CONVERSION = YES;
				CLANG_WARN_OBJC_IMPLICIT_RETAIN_SELF = YES;
				CLANG_WARN_OBJC_LITERAL_CONVERSION = YES;
				CLANG_WARN_OBJC_ROOT_CLASS = YES_ERROR;
				CLANG_WARN_RANGE_LOOP_ANALYSIS = YES;
				CLANG_WARN_STRICT_PROTOTYPES = YES;
				CLANG_WARN_SUSPICIOUS_MOVE = YES;
				CLANG_WARN_UNGUARDED_AVAILABILITY = YES_AGGRESSIVE;
				CLANG_WARN_UNREACHABLE_CODE = YES;
				CLANG_WARN__DUPLICATE_METHOD_MATCH = YES;
				CODE_SIGN_IDENTITY = "Mac Developer";
				COPY_PHASE_STRIP = NO;
				DEBUG_INFORMATION_FORMAT = dwarf;
				ENABLE_STRICT_OBJC_MSGSEND = YES;
				ENABLE_TESTABILITY = YES;
				GCC_C_LANGUAGE_STANDARD = gnu11;
				GCC_DYNAMIC_NO_PIC = NO;
				GCC_NO_COMMON_BLOCKS = YES;
				GCC_OPTIMIZATION_LEVEL = 0;
				GCC_PREPROCESSOR_DEFINITIONS = (
					"DEBUG=1",
					"$(inherited)",
				);
				GCC_WARN_64_TO_32_BIT_CONVERSION = YES;
				GCC_WARN_ABOUT_RETURN_TYPE = YES_ERROR;
				GCC_WARN_UNDECLARED_SELECTOR = YES;
				GCC_WARN_UNINITIALIZED_AUTOS = YES_AGGRESSIVE;
				GCC_WARN_UNUSED_FUNCTION = YES;
				GCC_WARN_UNUSED_VARIABLE = YES;
				MACOSX_DEPLOYMENT_TARGET = 10.14;
				MTL_ENABLE_DEBUG_INFO = INCLUDE_SOURCE;
				MTL_FAST_MATH = YES;
				ONLY_ACTIVE_ARCH = YES;
				SDKROOT = macosx;
				SWIFT_ACTIVE_COMPILATION_CONDITIONS = DEBUG;
				SWIFT_OPTIMIZATION_LEVEL = "-Onone";
			};
			name = Debug;
		};
		A20975C72283881F00DC6DE1 /* Release */ = {
			isa = XCBuildConfiguration;
			buildSettings = {
				ALWAYS_SEARCH_USER_PATHS = NO;
				CLANG_ANALYZER_NONNULL = YES;
				CLANG_ANALYZER_NUMBER_OBJECT_CONVERSION = YES_AGGRESSIVE;
				CLANG_CXX_LANGUAGE_STANDARD = "gnu++14";
				CLANG_CXX_LIBRARY = "libc++";
				CLANG_ENABLE_MODULES = YES;
				CLANG_ENABLE_OBJC_ARC = YES;
				CLANG_ENABLE_OBJC_WEAK = YES;
				CLANG_WARN_BLOCK_CAPTURE_AUTORELEASING = YES;
				CLANG_WARN_BOOL_CONVERSION = YES;
				CLANG_WARN_COMMA = YES;
				CLANG_WARN_CONSTANT_CONVERSION = YES;
				CLANG_WARN_DEPRECATED_OBJC_IMPLEMENTATIONS = YES;
				CLANG_WARN_DIRECT_OBJC_ISA_USAGE = YES_ERROR;
				CLANG_WARN_DOCUMENTATION_COMMENTS = YES;
				CLANG_WARN_EMPTY_BODY = YES;
				CLANG_WARN_ENUM_CONVERSION = YES;
				CLANG_WARN_INFINITE_RECURSION = YES;
				CLANG_WARN_INT_CONVERSION = YES;
				CLANG_WARN_NON_LITERAL_NULL_CONVERSION = YES;
				CLANG_WARN_OBJC_IMPLICIT_RETAIN_SELF = YES;
				CLANG_WARN_OBJC_LITERAL_CONVERSION = YES;
				CLANG_WARN_OBJC_ROOT_CLASS = YES_ERROR;
				CLANG_WARN_RANGE_LOOP_ANALYSIS = YES;
				CLANG_WARN_STRICT_PROTOTYPES = YES;
				CLANG_WARN_SUSPICIOUS_MOVE = YES;
				CLANG_WARN_UNGUARDED_AVAILABILITY = YES_AGGRESSIVE;
				CLANG_WARN_UNREACHABLE_CODE = YES;
				CLANG_WARN__DUPLICATE_METHOD_MATCH = YES;
				CODE_SIGN_IDENTITY = "Mac Developer";
				COPY_PHASE_STRIP = NO;
				DEBUG_INFORMATION_FORMAT = "dwarf-with-dsym";
				ENABLE_NS_ASSERTIONS = NO;
				ENABLE_STRICT_OBJC_MSGSEND = YES;
				GCC_C_LANGUAGE_STANDARD = gnu11;
				GCC_NO_COMMON_BLOCKS = YES;
				GCC_WARN_64_TO_32_BIT_CONVERSION = YES;
				GCC_WARN_ABOUT_RETURN_TYPE = YES_ERROR;
				GCC_WARN_UNDECLARED_SELECTOR = YES;
				GCC_WARN_UNINITIALIZED_AUTOS = YES_AGGRESSIVE;
				GCC_WARN_UNUSED_FUNCTION = YES;
				GCC_WARN_UNUSED_VARIABLE = YES;
				MACOSX_DEPLOYMENT_TARGET = 10.14;
				MTL_ENABLE_DEBUG_INFO = NO;
				MTL_FAST_MATH = YES;
				SDKROOT = macosx;
				SWIFT_COMPILATION_MODE = wholemodule;
				SWIFT_OPTIMIZATION_LEVEL = "-O";
			};
			name = Release;
		};
		A20975C92283881F00DC6DE1 /* Debug */ = {
			isa = XCBuildConfiguration;
			buildSettings = {
				ASSETCATALOG_COMPILER_APPICON_NAME = AppIcon;
				CODE_SIGN_ENTITLEMENTS = "Customizeable-Swift-OSX-Button-Demo/Customizeable_Swift_OSX_Button_Demo.entitlements";
				CODE_SIGN_IDENTITY = "Mac Developer";
				CODE_SIGN_STYLE = Automatic;
				COMBINE_HIDPI_IMAGES = YES;
				DEVELOPMENT_TEAM = QD6TTVM77K;
				INFOPLIST_FILE = "$(SRCROOT)/Info.plist";
				LD_RUNPATH_SEARCH_PATHS = (
					"$(inherited)",
					"@executable_path/../Frameworks",
				);
				PRODUCT_BUNDLE_IDENTIFIER = "com.quixotry.Customizeable-Swift-OSX-Button-Demo";
				PRODUCT_NAME = "$(TARGET_NAME)";
				PROVISIONING_PROFILE_SPECIFIER = "";
				SWIFT_VERSION = 5.0;
			};
			name = Debug;
		};
		A20975CA2283881F00DC6DE1 /* Release */ = {
			isa = XCBuildConfiguration;
			buildSettings = {
				ASSETCATALOG_COMPILER_APPICON_NAME = AppIcon;
				CODE_SIGN_ENTITLEMENTS = "Customizeable-Swift-OSX-Button-Demo/Customizeable_Swift_OSX_Button_Demo.entitlements";
				CODE_SIGN_IDENTITY = "Mac Developer";
				CODE_SIGN_STYLE = Automatic;
				COMBINE_HIDPI_IMAGES = YES;
				DEVELOPMENT_TEAM = QD6TTVM77K;
				INFOPLIST_FILE = "$(SRCROOT)/Info.plist";
				LD_RUNPATH_SEARCH_PATHS = (
					"$(inherited)",
					"@executable_path/../Frameworks",
				);
				PRODUCT_BUNDLE_IDENTIFIER = "com.quixotry.Customizeable-Swift-OSX-Button-Demo";
				PRODUCT_NAME = "$(TARGET_NAME)";
				PROVISIONING_PROFILE_SPECIFIER = "";
				SWIFT_VERSION = 5.0;
			};
			name = Release;
		};
/* End XCBuildConfiguration section */

/* Begin XCConfigurationList section */
		A20975B32283881E00DC6DE1 /* Build configuration list for PBXProject "Customizeable-Swift-OSX-Button-Demo" */ = {
			isa = XCConfigurationList;
			buildConfigurations = (
				A20975C62283881F00DC6DE1 /* Debug */,
				A20975C72283881F00DC6DE1 /* Release */,
			);
			defaultConfigurationIsVisible = 0;
			defaultConfigurationName = Release;
		};
		A20975C82283881F00DC6DE1 /* Build configuration list for PBXNativeTarget "Customizeable-Swift-OSX-Button-Demo" */ = {
			isa = XCConfigurationList;
			buildConfigurations = (
				A20975C92283881F00DC6DE1 /* Debug */,
				A20975CA2283881F00DC6DE1 /* Release */,
			);
			defaultConfigurationIsVisible = 0;
			defaultConfigurationName = Release;
		};
/* End XCConfigurationList section */
	};
	rootObject = A20975B02283881E00DC6DE1 /* Project object */;
}
